PODS:
  - OCHamcrest (5.3.0)
  - OCMockito (3.0.1):
    - OCHamcrest (~> 5.1)

DEPENDENCIES:
  - OCMockito (~> 3.0)

SPEC CHECKSUMS:
  OCHamcrest: 14696874144153e924a434742cbca38bdbbd4f25
  OCMockito: 9eee3c61e42f7cb8aa015d66f8cc16849701d973

PODFILE CHECKSUM: 12e94935d82763d48206d99920f4103c3f810991

COCOAPODS: 1.0.0
